<Solution>
  <Project Path="Sated.Api.Tests/Sated.Api.Tests.csproj" />
  <Project Path="Sated.Api/Sated.Api.csproj" />
  <Project Path="Sated.Calibration/Sated.Calibration.csproj" />
  <Project Path="Sated.Data/Sated.Data.csproj" />
  <Project Path="Sated.Parsing/Sated.Parsing.csproj" />
  <Project Path="Sated.Scoring.Tests/Sated.Scoring.Tests.csproj" />
  <Project Path="Sated.Scoring/Sated.Scoring.csproj" />
</Solution>
